schema: '2.0'
stages:
  data_collection:
    cmd: python src/data_collection.py
    deps:
    - path: src/data_collection.py
      hash: md5
      md5: a0f707529ae751c73ae61baef57bc297
      size: 2517
    params:
      params.yaml:
        data_collection.random_state: 42
        data_collection.test_size: 0.2
    outs:
    - path: data/raw/
      hash: md5
      md5: f508f5f2cfb3fcc116235f0993dd2e00.dir
      size: 520443
      nfiles: 2
  pre_processing:
    cmd: python src/data_prep.py
    deps:
    - path: data/raw
      hash: md5
      md5: f508f5f2cfb3fcc116235f0993dd2e00.dir
      size: 520443
      nfiles: 2
    - path: src/data_prep.py
      hash: md5
      md5: 9167f334995eea53a2617c97e13f5ec3
      size: 2094
    outs:
    - path: data/processed
      hash: md5
      md5: b7b192701669b1e5efcb8878319ba70c.dir
      size: 545356
      nfiles: 2
  model_building:
    cmd: python src/model_building.py
    deps:
    - path: data/processed
      hash: md5
      md5: b7b192701669b1e5efcb8878319ba70c.dir
      size: 545356
      nfiles: 2
    - path: src/model_building.py
      hash: md5
      md5: 51c75a9ac406fcb3414ad7c3644dbf07
      size: 3567
    params:
      params.yaml:
        model_building.bootstrap: true
        model_building.max_depth:
        model_building.max_features: sqrt
        model_building.min_samples_leaf: 2
        model_building.min_samples_split: 2
        model_building.n_estimators: 1000
        model_building.n_jobs: -1
        model_building.random_state: 42
    outs:
    - path: models/model.pkl
      hash: md5
      md5: 6edc54d9d3b67140458e87cccc524e6e
      size: 62064217
  model_eval:
    cmd: python src/model_eval.py
    deps:
    - path: models/model.pkl
      hash: md5
      md5: 6edc54d9d3b67140458e87cccc524e6e
      size: 62064217
    - path: src/model_eval.py
      hash: md5
      md5: 9ee44efff1765d149359fdf7bc889e00
      size: 6238
    outs:
    - path: metrics.json
      hash: md5
      md5: e8902360e821e9defce0f7c59e156f61
      size: 145
  lint:
    cmd: flake8 src
    deps:
    - path: src
      hash: md5
      md5: f055beed2dffaca2f2d1ae9430e52e03.dir
      size: 7399684
      nfiles: 11
  format:
    cmd: black src
    deps:
    - path: src
      hash: md5
      md5: f055beed2dffaca2f2d1ae9430e52e03.dir
      size: 7399684
      nfiles: 11
