schema: '2.0'
stages:
  data_collection:
    cmd: python src/data_collection.py
    deps:
    - path: src/data_collection.py
      hash: md5
      md5: 27ae73d542218c34a117c11a682d39d2
      size: 672
    params:
      params.yaml:
        data_collection.random_state: 42
        data_collection.test_size: 0.2
    outs:
    - path: data/raw
      hash: md5
      md5: f508f5f2cfb3fcc116235f0993dd2e00.dir
      size: 520443
      nfiles: 2
  pre_processing:
    cmd: python src/data_prep.py
    deps:
    - path: data/raw
      hash: md5
      md5: f508f5f2cfb3fcc116235f0993dd2e00.dir
      size: 520443
      nfiles: 2
    - path: src/data_prep.py
      hash: md5
      md5: f72de3eb66ef2f2855b12869b633b2e3
      size: 792
    outs:
    - path: data/processed
      hash: md5
      md5: b7b192701669b1e5efcb8878319ba70c.dir
      size: 545356
      nfiles: 2
  model_building:
    cmd: python src/model_building.py
    deps:
    - path: data/processed
      hash: md5
      md5: b7b192701669b1e5efcb8878319ba70c.dir
      size: 545356
      nfiles: 2
    - path: src/model_building.py
      hash: md5
      md5: 4a43664e7db4175c3d89dd29c603932b
      size: 1298
    params:
      params.yaml:
        model_building.bootstrap: true
        model_building.max_depth:
        model_building.max_features: sqrt
        model_building.min_samples_leaf: 1
        model_building.min_samples_split: 2
        model_building.n_estimators: 100
        model_building.n_jobs: -1
        model_building.random_state: 42
    outs:
    - path: model.pkl
      hash: md5
      md5: 75fcfb5c1b931eb137ad7126b9cd213e
      size: 7342266
  model_eval:
    cmd: python src/model_eval.py
    deps:
    - path: model.pkl
      hash: md5
      md5: 75fcfb5c1b931eb137ad7126b9cd213e
      size: 7342266
    - path: src/model_eval.py
      hash: md5
      md5: fbf0ecc417082113170304d4a9204bcf
      size: 1113
    outs:
    - path: metrics.json
      hash: md5
      md5: 881df85fa13db863c6a3c25ac1523ca9
      size: 146
