schema: '2.0'
stages:
  data_collection:
    cmd: python src/data_collection.py
    deps:
    - path: src/data_collection.py
      hash: md5
      md5: aca03f61789f011b37c0238a64ba03c2
      size: 2448
    params:
      params.yaml:
        data_collection.random_state: 42
        data_collection.test_size: 0.3
    outs:
    - path: data/raw
      hash: md5
      md5: 43f22e8600c04238d0a8156861cff355.dir
      size: 520443
      nfiles: 2
  pre_processing:
    cmd: python src/data_prep.py
    deps:
    - path: data/raw
      hash: md5
      md5: 43f22e8600c04238d0a8156861cff355.dir
      size: 520443
      nfiles: 2
    - path: src/data_prep.py
      hash: md5
      md5: 33c1596725301db5cca7b2a9fbe13d90
      size: 1887
    outs:
    - path: data/processed
      hash: md5
      md5: c5394c34491e89118c94a5a4923bca79.dir
      size: 545739
      nfiles: 2
  model_building:
    cmd: python src/model_building.py
    deps:
    - path: data/processed
      hash: md5
      md5: c5394c34491e89118c94a5a4923bca79.dir
      size: 545739
      nfiles: 2
    - path: src/model_building.py
      hash: md5
      md5: 332bedbef087c5748b564947776b5468
      size: 3219
    params:
      params.yaml:
        model_building.bootstrap: true
        model_building.max_depth:
        model_building.max_features: sqrt
        model_building.min_samples_leaf: 2
        model_building.min_samples_split: 3
        model_building.n_estimators: 500
        model_building.n_jobs: -1
        model_building.random_state: 42
    outs:
    - path: model.pkl
      hash: md5
      md5: baaf5177927ec6c3d19e941d14dd21cc
      size: 27372246
  model_eval:
    cmd: python src/model_eval.py
    deps:
    - path: model.pkl
      hash: md5
      md5: baaf5177927ec6c3d19e941d14dd21cc
      size: 27372246
    - path: src/model_eval.py
      hash: md5
      md5: 0053d5c566fbb44fd1d4e620e2cc201f
      size: 4434
    outs:
    - path: metrics.json
      hash: md5
      md5: b7307a6ccab0aaf632593d0f6362773c
      size: 147
